{
  "name": "prql-node",
  "lockfileVersion": 3,
  "requires": true,
  "packages": {
    "": {
      "name": "prql-node",
      "dependencies": {
        "node-sql-parser": "^4.12.0",
        "prql-js": "^0.10.1"
      }
    },
    "node_modules/big-integer": {
      "version": "1.6.52",
      "resolved": "https://registry.npmjs.org/big-integer/-/big-integer-1.6.52.tgz",
      "integrity": "sha512-QxD8cf2eVqJOOz63z6JIN9BzvVs/dlySa5HGSBH5xtR8dPteIRQnBxxKqkNTiT6jbDTF6jAfrd4oMcND9RGbQg==",
      "engines": {
        "node": ">=0.6"
      }
    },
    "node_modules/node-sql-parser": {
      "version": "4.12.0",
      "resolved": "https://registry.npmjs.org/node-sql-parser/-/node-sql-parser-4.12.0.tgz",
      "integrity": "sha512-WvHzITmtN5fx201c/cHX7RJvDaS9tTMpjE0TeYPrjH2bDAkoqMcDAUBuPQb7DU2Lhi5EZLbuWoRZnZDYYpx07w==",
      "dependencies": {
        "big-integer": "^1.6.48"
      },
      "engines": {
        "node": ">=8"
      }
    },
    "node_modules/prql-js": {
      "version": "0.10.1",
      "resolved": "https://registry.npmjs.org/prql-js/-/prql-js-0.10.1.tgz",
      "integrity": "sha512-9H9M5ttu+4ukwTCUJ3um7hlSfD3YJQ5xjqhNAQ1rXNJ8LWPbJdQakFF47Ez/2Y9gzEr3R7Qq58QwiiuPzW/hMA=="
    }
  }
}
